
Microsoft Visual Studio Solution File, Format Version 12.00
# Visual Studio Version 17
VisualStudioVersion = 17.11.35327.3
MinimumVisualStudioVersion = 10.0.40219.1
Project("{9A19103F-16F7-4668-BE54-9A1E7A4F7556}") = "Laboratorio_1", "Laboratorio_1\Laboratorio_1.csproj", "{F5F44D6B-50C1-4DC2-8670-A31291E0CA84}"
EndProject
Project("{9A19103F-16F7-4668-BE54-9A1E7A4F7556}") = "EnrollmentService", "MatriculaService\EnrollmentService.csproj", "{B87AF0CB-CB71-4D5A-A766-1DD9CA4542E2}"
EndProject
Project("{2150E333-8FDC-42A3-9474-1A3956D46DE8}") = "Solution Items", "Solution Items", "{0C1D6569-FE11-4648-B275-A3443CEABDA7}"
EndProject
Global
	GlobalSection(SolutionConfigurationPlatforms) = preSolution
		Debug|Any CPU = Debug|Any CPU
		Release|Any CPU = Release|Any CPU
	EndGlobalSection
	GlobalSection(ProjectConfigurationPlatforms) = postSolution
		{F5F44D6B-50C1-4DC2-8670-A31291E0CA84}.Debug|Any CPU.ActiveCfg = Debug|Any CPU
		{F5F44D6B-50C1-4DC2-8670-A31291E0CA84}.Debug|Any CPU.Build.0 = Debug|Any CPU
		{F5F44D6B-50C1-4DC2-8670-A31291E0CA84}.Release|Any CPU.ActiveCfg = Release|Any CPU
		{F5F44D6B-50C1-4DC2-8670-A31291E0CA84}.Release|Any CPU.Build.0 = Release|Any CPU
		{B87AF0CB-CB71-4D5A-A766-1DD9CA4542E2}.Debug|Any CPU.ActiveCfg = Debug|Any CPU
		{B87AF0CB-CB71-4D5A-A766-1DD9CA4542E2}.Debug|Any CPU.Build.0 = Debug|Any CPU
		{B87AF0CB-CB71-4D5A-A766-1DD9CA4542E2}.Release|Any CPU.ActiveCfg = Release|Any CPU
		{B87AF0CB-CB71-4D5A-A766-1DD9CA4542E2}.Release|Any CPU.Build.0 = Release|Any CPU
	EndGlobalSection
	GlobalSection(SolutionProperties) = preSolution
		HideSolutionNode = FALSE
	EndGlobalSection
	GlobalSection(ExtensibilityGlobals) = postSolution
		SolutionGuid = {1DF782AC-A34C-46F7-9DAA-2D82FC17E383}
	EndGlobalSection
EndGlobal
